
Microsoft Visual Studio Solution File, Format Version 12.00
# Visual Studio 15
VisualStudioVersion = 15.0.28307.1267
MinimumVisualStudioVersion = 10.0.40219.1
Project("{8BC9CEB8-8B4A-11D0-8D11-00A0C91BC942}") = "SQLiteLsp18x32", "SQLiteLsp\SQLiteLsp18.vcxproj", "{0C464137-E160-44E5-9C79-B1FA3C6E6C94}"
EndProject
Project("{8BC9CEB8-8B4A-11D0-8D11-00A0C91BC942}") = "SQLiteLsp17x64", "SQLiteLsp\SQLiteLsp17x64.vcxproj", "{60A257CE-0258-4C13-9056-357B92B33735}"
EndProject
Project("{8BC9CEB8-8B4A-11D0-8D11-00A0C91BC942}") = "SQLiteLsp18x64", "SQLiteLsp\SQLiteLsp18x64.vcxproj", "{F0B0E621-10AE-4D2F-894C-96AC7D54E0A4}"
EndProject
Project("{8BC9CEB8-8B4A-11D0-8D11-00A0C91BC942}") = "SQLiteLsp19x32", "SQLiteLsp\SQLiteLsp19.vcxproj", "{0C464137-E160-44E5-9C79-B1FA3C6E6C95}"
EndProject
Project("{8BC9CEB8-8B4A-11D0-8D11-00A0C91BC942}") = "SQLiteLsp19x64", "SQLiteLsp\SQLiteLsp19x64.vcxproj", "{F0B0E621-10AE-4D2F-894C-96AC7D54E0A6}"
EndProject
Project("{8BC9CEB8-8B4A-11D0-8D11-00A0C91BC942}") = "SQLiteLspV13x32", "SQLiteLsp\SQLiteLspV13.vcxproj", "{B535B6BD-97C0-4106-B056-E710576D0A3F}"
EndProject
Project("{8BC9CEB8-8B4A-11D0-8D11-00A0C91BC942}") = "SQLiteLspV13x64", "SQLiteLsp\SQLiteLspV13x64.vcxproj", "{F0B0E621-10AE-4D2F-894C-96AC7D54E0A7}"
EndProject
Project("{8BC9CEB8-8B4A-11D0-8D11-00A0C91BC942}") = "SQLiteLspV14x32", "SQLiteLsp\SQLiteLspV14.vcxproj", "{3AED92FA-3DAF-4639-9EA5-A6EF07B1494E}"
EndProject
Project("{8BC9CEB8-8B4A-11D0-8D11-00A0C91BC942}") = "SQLiteLspV14x64", "SQLiteLsp\SQLiteLspV14x64.vcxproj", "{A582149B-CD9E-42B1-AC33-A34A961E1E20}"
EndProject
Project("{8BC9CEB8-8B4A-11D0-8D11-00A0C91BC942}") = "SQLiteLsp20x32", "SQLiteLsp\SQLiteLsp20.vcxproj", "{418C2ADE-AD1A-4D5D-8EDC-FAB692C38542}"
EndProject
Project("{8BC9CEB8-8B4A-11D0-8D11-00A0C91BC942}") = "SQLiteLsp20x64", "SQLiteLsp\SQLiteLsp20x64.vcxproj", "{E5995FB7-864B-409A-BFAA-3967A90F4258}"
EndProject
Project("{8BC9CEB8-8B4A-11D0-8D11-00A0C91BC942}") = "SQLiteLspV15x32", "SQLiteLsp\SQLiteLspV15.vcxproj", "{3AED92FA-3DAF-4639-9EA5-A6EF07C1494E}"
EndProject
Project("{8BC9CEB8-8B4A-11D0-8D11-00A0C91BC942}") = "SQLiteLspV15x64", "SQLiteLsp\SQLiteLspV15x64.vcxproj", "{A582149B-CD9E-42B1-AC33-A34B961E1E20}"
EndProject
Project("{8BC9CEB8-8B4A-11D0-8D11-00A0C91BC942}") = "SQLiteLspV16x32", "SQLiteLsp\SQLiteLspV16.vcxproj", "{3AED92FA-3DAF-4639-9EA5-B6EF07C1494E}"
EndProject
Project("{8BC9CEB8-8B4A-11D0-8D11-00A0C91BC942}") = "SQLiteLspV16x64", "SQLiteLsp\SQLiteLspV16x64.vcxproj", "{0BE611E0-DA1D-4D7A-AD2C-D74B85CDDEC2}"
EndProject
Project("{8BC9CEB8-8B4A-11D0-8D11-00A0C91BC942}") = "SQLiteLsp17x32", "SQLiteLsp\SQLiteLsp17.vcxproj", "{0D26CD08-68A5-40AE-B25F-D4C6AC23C9F0}"
EndProject
Project("{8BC9CEB8-8B4A-11D0-8D11-00A0C91BC942}") = "SQLiteLsp21x32", "SQLiteLsp\SQLiteLsp21.vcxproj", "{418C2ADE-AD1A-4D5D-8EDC-FAB692C38543}"
EndProject
Project("{8BC9CEB8-8B4A-11D0-8D11-00A0C91BC942}") = "SQLiteLsp21x64", "SQLiteLsp\SQLiteLsp21x64.vcxproj", "{E5995FB7-864B-409A-BFAA-3967A90F4259}"
EndProject
Project("{8BC9CEB8-8B4A-11D0-8D11-00A0C91BC942}") = "SQLiteLspV17x32", "SQLiteLsp\SQLiteLspV17.vcxproj", "{3AED92FA-3DAF-4639-9EA5-B6EF07C1494F}"
EndProject
Project("{8BC9CEB8-8B4A-11D0-8D11-00A0C91BC942}") = "SQLiteLspV17x64", "SQLiteLsp\SQLiteLspV17x64.vcxproj", "{0BE611E0-DA1D-4D7A-AD2C-D74B85CDDEC3}"
EndProject
Project("{8BC9CEB8-8B4A-11D0-8D11-00A0C91BC942}") = "SQLiteLsp22x32", "SQLiteLsp\SQLiteLsp22.vcxproj", "{418C2ADE-AD1A-4D5D-8EDC-FAB692C38544}"
EndProject
Project("{8BC9CEB8-8B4A-11D0-8D11-00A0C91BC942}") = "SQLiteLsp22x64", "SQLiteLsp\SQLiteLsp22x64.vcxproj", "{E5995FB7-864B-409A-BFAA-3967A90F4359}"
EndProject
Project("{8BC9CEB8-8B4A-11D0-8D11-00A0C91BC942}") = "SQLiteLsp23x32", "SQLiteLsp\SQLiteLsp23.vcxproj", "{35F98441-4CD8-4D72-AF05-4614CA90747E}"
EndProject
Project("{8BC9CEB8-8B4A-11D0-8D11-00A0C91BC942}") = "SQLiteLsp23x64", "SQLiteLsp\SQLiteLsp23x64.vcxproj", "{ADB4400F-0B26-428B-8959-911A443B810C}"
EndProject
Project("{8BC9CEB8-8B4A-11D0-8D11-00A0C91BC942}") = "SQLiteLspV18x32", "SQLiteLsp\SQLiteLspV18.vcxproj", "{3AED92FA-3DAF-4639-9EA5-B6EF07C1496F}"
EndProject
Project("{8BC9CEB8-8B4A-11D0-8D11-00A0C91BC942}") = "SQLiteLspV18x64", "SQLiteLsp\SQLiteLspV18x64.vcxproj", "{0BE611E0-DA1D-4D7A-AD2C-D74B85CDDEC4}"
EndProject
Project("{8BC9CEB8-8B4A-11D0-8D11-00A0C91BC942}") = "SQLiteLspV19x32", "SQLiteLsp\SQLiteLspV19.vcxproj", "{AB380E77-848C-4D05-A784-3754B44DC4FE}"
EndProject
Project("{8BC9CEB8-8B4A-11D0-8D11-00A0C91BC942}") = "SQLiteLspV19x64", "SQLiteLsp\SQLiteLspV19x64.vcxproj", "{3C245A5F-434D-4348-8037-292D6462FFDF}"
EndProject
Project("{8BC9CEB8-8B4A-11D0-8D11-00A0C91BC942}") = "SQLiteLspZ20x32", "SQLiteLsp\SQLiteLspZ20.vcxproj", "{AB380E77-848C-4D05-A784-3754B44DC4FF}"
EndProject
Project("{8BC9CEB8-8B4A-11D0-8D11-00A0C91BC942}") = "SQLiteLspZ20x64", "SQLiteLsp\SQLiteLspZ20x64.vcxproj", "{3C245A5F-434D-4348-8037-292D6462FFEF}"
EndProject
Project("{8BC9CEB8-8B4A-11D0-8D11-00A0C91BC942}") = "SQLiteLspV20x32", "SQLiteLsp\SQLiteLspV20.vcxproj", "{29B97A15-8724-45A0-9243-FFD21183BADF}"
EndProject
Project("{8BC9CEB8-8B4A-11D0-8D11-00A0C91BC942}") = "SQLiteLspV20x64", "SQLiteLsp\SQLiteLspV20x64.vcxproj", "{EF6B67A6-6ACE-46EB-ADCC-8251CE80CE3F}"
EndProject
Project("{8BC9CEB8-8B4A-11D0-8D11-00A0C91BC942}") = "SQLiteLsp24x64", "SQLiteLsp\SQLiteLsp24x64.vcxproj", "{ADB4400F-0B26-428B-8959-911A443B810D}"
EndProject
Project("{8BC9CEB8-8B4A-11D0-8D11-00A0C91BC942}") = "SQLiteLspV21x64", "SQLiteLsp\SQLiteLspV21x64.vcxproj", "{6F4826F3-23B9-4EF7-B4A5-89ED1786EAE4}"
EndProject
Global
	GlobalSection(SolutionConfigurationPlatforms) = preSolution
		Debug|all = Debug|all
		Debug|Win32 = Debug|Win32
		Debug|x64 = Debug|x64
		Release|all = Release|all
		Release|Win32 = Release|Win32
		Release|x64 = Release|x64
		Template|all = Template|all
		Template|Win32 = Template|Win32
		Template|x64 = Template|x64
	EndGlobalSection
	GlobalSection(ProjectConfigurationPlatforms) = postSolution
		{0C464137-E160-44E5-9C79-B1FA3C6E6C94}.Debug|all.ActiveCfg = Debug|x64
		{0C464137-E160-44E5-9C79-B1FA3C6E6C94}.Debug|Win32.ActiveCfg = Debug|Win32
		{0C464137-E160-44E5-9C79-B1FA3C6E6C94}.Debug|Win32.Build.0 = Debug|Win32
		{0C464137-E160-44E5-9C79-B1FA3C6E6C94}.Debug|x64.ActiveCfg = Debug|x64
		{0C464137-E160-44E5-9C79-B1FA3C6E6C94}.Release|all.ActiveCfg = Release|Win32
		{0C464137-E160-44E5-9C79-B1FA3C6E6C94}.Release|all.Build.0 = Release|Win32
		{0C464137-E160-44E5-9C79-B1FA3C6E6C94}.Release|Win32.ActiveCfg = Release|Win32
		{0C464137-E160-44E5-9C79-B1FA3C6E6C94}.Release|Win32.Build.0 = Release|Win32
		{0C464137-E160-44E5-9C79-B1FA3C6E6C94}.Release|x64.ActiveCfg = Release|x64
		{0C464137-E160-44E5-9C79-B1FA3C6E6C94}.Template|all.ActiveCfg = Release|x64
		{0C464137-E160-44E5-9C79-B1FA3C6E6C94}.Template|Win32.ActiveCfg = Release|x64
		{0C464137-E160-44E5-9C79-B1FA3C6E6C94}.Template|x64.ActiveCfg = Release|x64
		{0C464137-E160-44E5-9C79-B1FA3C6E6C94}.Template|x64.Build.0 = Release|x64
		{60A257CE-0258-4C13-9056-357B92B33735}.Debug|all.ActiveCfg = Debug|x64
		{60A257CE-0258-4C13-9056-357B92B33735}.Debug|Win32.ActiveCfg = Debug|Win32
		{60A257CE-0258-4C13-9056-357B92B33735}.Debug|x64.ActiveCfg = Debug|x64
		{60A257CE-0258-4C13-9056-357B92B33735}.Debug|x64.Build.0 = Debug|x64
		{60A257CE-0258-4C13-9056-357B92B33735}.Release|all.ActiveCfg = Release|x64
		{60A257CE-0258-4C13-9056-357B92B33735}.Release|all.Build.0 = Release|x64
		{60A257CE-0258-4C13-9056-357B92B33735}.Release|Win32.ActiveCfg = Release|Win32
		{60A257CE-0258-4C13-9056-357B92B33735}.Release|x64.ActiveCfg = Release|x64
		{60A257CE-0258-4C13-9056-357B92B33735}.Release|x64.Build.0 = Release|x64
		{60A257CE-0258-4C13-9056-357B92B33735}.Template|all.ActiveCfg = Template|x64
		{60A257CE-0258-4C13-9056-357B92B33735}.Template|Win32.ActiveCfg = Template|Win32
		{60A257CE-0258-4C13-9056-357B92B33735}.Template|x64.ActiveCfg = Template|x64
		{60A257CE-0258-4C13-9056-357B92B33735}.Template|x64.Build.0 = Template|x64
		{F0B0E621-10AE-4D2F-894C-96AC7D54E0A4}.Debug|all.ActiveCfg = Debug|x64
		{F0B0E621-10AE-4D2F-894C-96AC7D54E0A4}.Debug|Win32.ActiveCfg = Debug|Win32
		{F0B0E621-10AE-4D2F-894C-96AC7D54E0A4}.Debug|x64.ActiveCfg = Debug|x64
		{F0B0E621-10AE-4D2F-894C-96AC7D54E0A4}.Debug|x64.Build.0 = Debug|x64
		{F0B0E621-10AE-4D2F-894C-96AC7D54E0A4}.Release|all.ActiveCfg = Release|x64
		{F0B0E621-10AE-4D2F-894C-96AC7D54E0A4}.Release|all.Build.0 = Release|x64
		{F0B0E621-10AE-4D2F-894C-96AC7D54E0A4}.Release|Win32.ActiveCfg = Release|Win32
		{F0B0E621-10AE-4D2F-894C-96AC7D54E0A4}.Release|x64.ActiveCfg = Release|x64
		{F0B0E621-10AE-4D2F-894C-96AC7D54E0A4}.Release|x64.Build.0 = Release|x64
		{F0B0E621-10AE-4D2F-894C-96AC7D54E0A4}.Template|all.ActiveCfg = Release|x64
		{F0B0E621-10AE-4D2F-894C-96AC7D54E0A4}.Template|Win32.ActiveCfg = Release|x64
		{F0B0E621-10AE-4D2F-894C-96AC7D54E0A4}.Template|x64.ActiveCfg = Release|x64
		{F0B0E621-10AE-4D2F-894C-96AC7D54E0A4}.Template|x64.Build.0 = Release|x64
		{0C464137-E160-44E5-9C79-B1FA3C6E6C95}.Debug|all.ActiveCfg = Debug|x64
		{0C464137-E160-44E5-9C79-B1FA3C6E6C95}.Debug|Win32.ActiveCfg = Debug|Win32
		{0C464137-E160-44E5-9C79-B1FA3C6E6C95}.Debug|Win32.Build.0 = Debug|Win32
		{0C464137-E160-44E5-9C79-B1FA3C6E6C95}.Debug|x64.ActiveCfg = Debug|x64
		{0C464137-E160-44E5-9C79-B1FA3C6E6C95}.Debug|x64.Build.0 = Debug|x64
		{0C464137-E160-44E5-9C79-B1FA3C6E6C95}.Release|all.ActiveCfg = Release|Win32
		{0C464137-E160-44E5-9C79-B1FA3C6E6C95}.Release|all.Build.0 = Release|Win32
		{0C464137-E160-44E5-9C79-B1FA3C6E6C95}.Release|Win32.ActiveCfg = Release|Win32
		{0C464137-E160-44E5-9C79-B1FA3C6E6C95}.Release|Win32.Build.0 = Release|Win32
		{0C464137-E160-44E5-9C79-B1FA3C6E6C95}.Release|x64.ActiveCfg = Release|x64
		{0C464137-E160-44E5-9C79-B1FA3C6E6C95}.Release|x64.Build.0 = Release|x64
		{0C464137-E160-44E5-9C79-B1FA3C6E6C95}.Template|all.ActiveCfg = Release|x64
		{0C464137-E160-44E5-9C79-B1FA3C6E6C95}.Template|Win32.ActiveCfg = Release|x64
		{0C464137-E160-44E5-9C79-B1FA3C6E6C95}.Template|x64.ActiveCfg = Release|x64
		{0C464137-E160-44E5-9C79-B1FA3C6E6C95}.Template|x64.Build.0 = Release|x64
		{F0B0E621-10AE-4D2F-894C-96AC7D54E0A6}.Debug|all.ActiveCfg = Debug|x64
		{F0B0E621-10AE-4D2F-894C-96AC7D54E0A6}.Debug|Win32.ActiveCfg = Debug|Win32
		{F0B0E621-10AE-4D2F-894C-96AC7D54E0A6}.Debug|Win32.Build.0 = Debug|Win32
		{F0B0E621-10AE-4D2F-894C-96AC7D54E0A6}.Debug|x64.ActiveCfg = Debug|x64
		{F0B0E621-10AE-4D2F-894C-96AC7D54E0A6}.Debug|x64.Build.0 = Debug|x64
		{F0B0E621-10AE-4D2F-894C-96AC7D54E0A6}.Release|all.ActiveCfg = Release|x64
		{F0B0E621-10AE-4D2F-894C-96AC7D54E0A6}.Release|all.Build.0 = Release|x64
		{F0B0E621-10AE-4D2F-894C-96AC7D54E0A6}.Release|Win32.ActiveCfg = Release|Win32
		{F0B0E621-10AE-4D2F-894C-96AC7D54E0A6}.Release|Win32.Build.0 = Release|Win32
		{F0B0E621-10AE-4D2F-894C-96AC7D54E0A6}.Release|x64.ActiveCfg = Release|x64
		{F0B0E621-10AE-4D2F-894C-96AC7D54E0A6}.Release|x64.Build.0 = Release|x64
		{F0B0E621-10AE-4D2F-894C-96AC7D54E0A6}.Template|all.ActiveCfg = Release|x64
		{F0B0E621-10AE-4D2F-894C-96AC7D54E0A6}.Template|Win32.ActiveCfg = Release|x64
		{F0B0E621-10AE-4D2F-894C-96AC7D54E0A6}.Template|x64.ActiveCfg = Release|x64
		{F0B0E621-10AE-4D2F-894C-96AC7D54E0A6}.Template|x64.Build.0 = Release|x64
		{B535B6BD-97C0-4106-B056-E710576D0A3F}.Debug|all.ActiveCfg = Debug|x64
		{B535B6BD-97C0-4106-B056-E710576D0A3F}.Debug|Win32.ActiveCfg = Debug|Win32
		{B535B6BD-97C0-4106-B056-E710576D0A3F}.Debug|Win32.Build.0 = Debug|Win32
		{B535B6BD-97C0-4106-B056-E710576D0A3F}.Debug|x64.ActiveCfg = Debug|x64
		{B535B6BD-97C0-4106-B056-E710576D0A3F}.Debug|x64.Build.0 = Debug|x64
		{B535B6BD-97C0-4106-B056-E710576D0A3F}.Release|all.ActiveCfg = Release|Win32
		{B535B6BD-97C0-4106-B056-E710576D0A3F}.Release|all.Build.0 = Release|Win32
		{B535B6BD-97C0-4106-B056-E710576D0A3F}.Release|Win32.ActiveCfg = Release|Win32
		{B535B6BD-97C0-4106-B056-E710576D0A3F}.Release|Win32.Build.0 = Release|Win32
		{B535B6BD-97C0-4106-B056-E710576D0A3F}.Release|x64.ActiveCfg = Release|x64
		{B535B6BD-97C0-4106-B056-E710576D0A3F}.Release|x64.Build.0 = Release|x64
		{B535B6BD-97C0-4106-B056-E710576D0A3F}.Template|all.ActiveCfg = Template|x64
		{B535B6BD-97C0-4106-B056-E710576D0A3F}.Template|Win32.ActiveCfg = Template|Win32
		{B535B6BD-97C0-4106-B056-E710576D0A3F}.Template|x64.ActiveCfg = Template|x64
		{B535B6BD-97C0-4106-B056-E710576D0A3F}.Template|x64.Build.0 = Template|x64
		{F0B0E621-10AE-4D2F-894C-96AC7D54E0A7}.Debug|all.ActiveCfg = Debug|x64
		{F0B0E621-10AE-4D2F-894C-96AC7D54E0A7}.Debug|Win32.ActiveCfg = Debug|Win32
		{F0B0E621-10AE-4D2F-894C-96AC7D54E0A7}.Debug|Win32.Build.0 = Debug|Win32
		{F0B0E621-10AE-4D2F-894C-96AC7D54E0A7}.Debug|x64.ActiveCfg = Debug|x64
		{F0B0E621-10AE-4D2F-894C-96AC7D54E0A7}.Debug|x64.Build.0 = Debug|x64
		{F0B0E621-10AE-4D2F-894C-96AC7D54E0A7}.Release|all.ActiveCfg = Release|x64
		{F0B0E621-10AE-4D2F-894C-96AC7D54E0A7}.Release|all.Build.0 = Release|x64
		{F0B0E621-10AE-4D2F-894C-96AC7D54E0A7}.Release|Win32.ActiveCfg = Release|Win32
		{F0B0E621-10AE-4D2F-894C-96AC7D54E0A7}.Release|Win32.Build.0 = Release|Win32
		{F0B0E621-10AE-4D2F-894C-96AC7D54E0A7}.Release|x64.ActiveCfg = Release|x64
		{F0B0E621-10AE-4D2F-894C-96AC7D54E0A7}.Release|x64.Build.0 = Release|x64
		{F0B0E621-10AE-4D2F-894C-96AC7D54E0A7}.Template|all.ActiveCfg = Release|x64
		{F0B0E621-10AE-4D2F-894C-96AC7D54E0A7}.Template|Win32.ActiveCfg = Release|x64
		{F0B0E621-10AE-4D2F-894C-96AC7D54E0A7}.Template|x64.ActiveCfg = Release|x64
		{F0B0E621-10AE-4D2F-894C-96AC7D54E0A7}.Template|x64.Build.0 = Release|x64
		{3AED92FA-3DAF-4639-9EA5-A6EF07B1494E}.Debug|all.ActiveCfg = Debug|x64
		{3AED92FA-3DAF-4639-9EA5-A6EF07B1494E}.Debug|Win32.ActiveCfg = Debug|Win32
		{3AED92FA-3DAF-4639-9EA5-A6EF07B1494E}.Debug|Win32.Build.0 = Debug|Win32
		{3AED92FA-3DAF-4639-9EA5-A6EF07B1494E}.Debug|x64.ActiveCfg = Debug|x64
		{3AED92FA-3DAF-4639-9EA5-A6EF07B1494E}.Debug|x64.Build.0 = Debug|x64
		{3AED92FA-3DAF-4639-9EA5-A6EF07B1494E}.Release|all.ActiveCfg = Release|Win32
		{3AED92FA-3DAF-4639-9EA5-A6EF07B1494E}.Release|all.Build.0 = Release|Win32
		{3AED92FA-3DAF-4639-9EA5-A6EF07B1494E}.Release|Win32.ActiveCfg = Release|Win32
		{3AED92FA-3DAF-4639-9EA5-A6EF07B1494E}.Release|Win32.Build.0 = Release|Win32
		{3AED92FA-3DAF-4639-9EA5-A6EF07B1494E}.Release|x64.ActiveCfg = Release|x64
		{3AED92FA-3DAF-4639-9EA5-A6EF07B1494E}.Release|x64.Build.0 = Release|x64
		{3AED92FA-3DAF-4639-9EA5-A6EF07B1494E}.Template|all.ActiveCfg = Template|x64
		{3AED92FA-3DAF-4639-9EA5-A6EF07B1494E}.Template|Win32.ActiveCfg = Template|Win32
		{3AED92FA-3DAF-4639-9EA5-A6EF07B1494E}.Template|x64.ActiveCfg = Template|x64
		{3AED92FA-3DAF-4639-9EA5-A6EF07B1494E}.Template|x64.Build.0 = Template|x64
		{A582149B-CD9E-42B1-AC33-A34A961E1E20}.Debug|all.ActiveCfg = Debug|x64
		{A582149B-CD9E-42B1-AC33-A34A961E1E20}.Debug|Win32.ActiveCfg = Debug|Win32
		{A582149B-CD9E-42B1-AC33-A34A961E1E20}.Debug|Win32.Build.0 = Debug|Win32
		{A582149B-CD9E-42B1-AC33-A34A961E1E20}.Debug|x64.ActiveCfg = Debug|x64
		{A582149B-CD9E-42B1-AC33-A34A961E1E20}.Debug|x64.Build.0 = Debug|x64
		{A582149B-CD9E-42B1-AC33-A34A961E1E20}.Release|all.ActiveCfg = Release|x64
		{A582149B-CD9E-42B1-AC33-A34A961E1E20}.Release|all.Build.0 = Release|x64
		{A582149B-CD9E-42B1-AC33-A34A961E1E20}.Release|Win32.ActiveCfg = Release|Win32
		{A582149B-CD9E-42B1-AC33-A34A961E1E20}.Release|Win32.Build.0 = Release|Win32
		{A582149B-CD9E-42B1-AC33-A34A961E1E20}.Release|x64.ActiveCfg = Release|x64
		{A582149B-CD9E-42B1-AC33-A34A961E1E20}.Release|x64.Build.0 = Release|x64
		{A582149B-CD9E-42B1-AC33-A34A961E1E20}.Template|all.ActiveCfg = Release|x64
		{A582149B-CD9E-42B1-AC33-A34A961E1E20}.Template|Win32.ActiveCfg = Release|x64
		{A582149B-CD9E-42B1-AC33-A34A961E1E20}.Template|x64.ActiveCfg = Release|x64
		{A582149B-CD9E-42B1-AC33-A34A961E1E20}.Template|x64.Build.0 = Release|x64
		{418C2ADE-AD1A-4D5D-8EDC-FAB692C38542}.Debug|all.ActiveCfg = Debug|x64
		{418C2ADE-AD1A-4D5D-8EDC-FAB692C38542}.Debug|Win32.ActiveCfg = Debug|Win32
		{418C2ADE-AD1A-4D5D-8EDC-FAB692C38542}.Debug|Win32.Build.0 = Debug|Win32
		{418C2ADE-AD1A-4D5D-8EDC-FAB692C38542}.Debug|x64.ActiveCfg = Debug|x64
		{418C2ADE-AD1A-4D5D-8EDC-FAB692C38542}.Debug|x64.Build.0 = Debug|x64
		{418C2ADE-AD1A-4D5D-8EDC-FAB692C38542}.Release|all.ActiveCfg = Release|Win32
		{418C2ADE-AD1A-4D5D-8EDC-FAB692C38542}.Release|all.Build.0 = Release|Win32
		{418C2ADE-AD1A-4D5D-8EDC-FAB692C38542}.Release|Win32.ActiveCfg = Release|Win32
		{418C2ADE-AD1A-4D5D-8EDC-FAB692C38542}.Release|Win32.Build.0 = Release|Win32
		{418C2ADE-AD1A-4D5D-8EDC-FAB692C38542}.Release|x64.ActiveCfg = Release|x64
		{418C2ADE-AD1A-4D5D-8EDC-FAB692C38542}.Release|x64.Build.0 = Release|x64
		{418C2ADE-AD1A-4D5D-8EDC-FAB692C38542}.Template|all.ActiveCfg = Release|x64
		{418C2ADE-AD1A-4D5D-8EDC-FAB692C38542}.Template|Win32.ActiveCfg = Release|x64
		{418C2ADE-AD1A-4D5D-8EDC-FAB692C38542}.Template|x64.ActiveCfg = Release|x64
		{418C2ADE-AD1A-4D5D-8EDC-FAB692C38542}.Template|x64.Build.0 = Release|x64
		{E5995FB7-864B-409A-BFAA-3967A90F4258}.Debug|all.ActiveCfg = Debug|x64
		{E5995FB7-864B-409A-BFAA-3967A90F4258}.Debug|Win32.ActiveCfg = Debug|Win32
		{E5995FB7-864B-409A-BFAA-3967A90F4258}.Debug|Win32.Build.0 = Debug|Win32
		{E5995FB7-864B-409A-BFAA-3967A90F4258}.Debug|x64.ActiveCfg = Debug|x64
		{E5995FB7-864B-409A-BFAA-3967A90F4258}.Debug|x64.Build.0 = Debug|x64
		{E5995FB7-864B-409A-BFAA-3967A90F4258}.Release|all.ActiveCfg = Release|x64
		{E5995FB7-864B-409A-BFAA-3967A90F4258}.Release|all.Build.0 = Release|x64
		{E5995FB7-864B-409A-BFAA-3967A90F4258}.Release|Win32.ActiveCfg = Release|Win32
		{E5995FB7-864B-409A-BFAA-3967A90F4258}.Release|Win32.Build.0 = Release|Win32
		{E5995FB7-864B-409A-BFAA-3967A90F4258}.Release|x64.ActiveCfg = Release|x64
		{E5995FB7-864B-409A-BFAA-3967A90F4258}.Release|x64.Build.0 = Release|x64
		{E5995FB7-864B-409A-BFAA-3967A90F4258}.Template|all.ActiveCfg = Release|x64
		{E5995FB7-864B-409A-BFAA-3967A90F4258}.Template|Win32.ActiveCfg = Release|x64
		{E5995FB7-864B-409A-BFAA-3967A90F4258}.Template|x64.ActiveCfg = Release|x64
		{E5995FB7-864B-409A-BFAA-3967A90F4258}.Template|x64.Build.0 = Release|x64
		{3AED92FA-3DAF-4639-9EA5-A6EF07C1494E}.Debug|all.ActiveCfg = Debug|Win32
		{3AED92FA-3DAF-4639-9EA5-A6EF07C1494E}.Debug|Win32.ActiveCfg = Debug|Win32
		{3AED92FA-3DAF-4639-9EA5-A6EF07C1494E}.Debug|Win32.Build.0 = Debug|Win32
		{3AED92FA-3DAF-4639-9EA5-A6EF07C1494E}.Debug|x64.ActiveCfg = Debug|x64
		{3AED92FA-3DAF-4639-9EA5-A6EF07C1494E}.Debug|x64.Build.0 = Debug|x64
		{3AED92FA-3DAF-4639-9EA5-A6EF07C1494E}.Release|all.ActiveCfg = Release|Win32
		{3AED92FA-3DAF-4639-9EA5-A6EF07C1494E}.Release|all.Build.0 = Release|Win32
		{3AED92FA-3DAF-4639-9EA5-A6EF07C1494E}.Release|Win32.ActiveCfg = Release|Win32
		{3AED92FA-3DAF-4639-9EA5-A6EF07C1494E}.Release|Win32.Build.0 = Release|Win32
		{3AED92FA-3DAF-4639-9EA5-A6EF07C1494E}.Release|x64.ActiveCfg = Release|x64
		{3AED92FA-3DAF-4639-9EA5-A6EF07C1494E}.Release|x64.Build.0 = Release|x64
		{3AED92FA-3DAF-4639-9EA5-A6EF07C1494E}.Template|all.ActiveCfg = Template|Win32
		{3AED92FA-3DAF-4639-9EA5-A6EF07C1494E}.Template|Win32.ActiveCfg = Template|Win32
		{3AED92FA-3DAF-4639-9EA5-A6EF07C1494E}.Template|x64.ActiveCfg = Template|x64
		{3AED92FA-3DAF-4639-9EA5-A6EF07C1494E}.Template|x64.Build.0 = Template|x64
		{A582149B-CD9E-42B1-AC33-A34B961E1E20}.Debug|all.ActiveCfg = Debug|Win32
		{A582149B-CD9E-42B1-AC33-A34B961E1E20}.Debug|Win32.ActiveCfg = Debug|Win32
		{A582149B-CD9E-42B1-AC33-A34B961E1E20}.Debug|Win32.Build.0 = Debug|Win32
		{A582149B-CD9E-42B1-AC33-A34B961E1E20}.Debug|x64.ActiveCfg = Debug|x64
		{A582149B-CD9E-42B1-AC33-A34B961E1E20}.Debug|x64.Build.0 = Debug|x64
		{A582149B-CD9E-42B1-AC33-A34B961E1E20}.Release|all.ActiveCfg = Release|x64
		{A582149B-CD9E-42B1-AC33-A34B961E1E20}.Release|all.Build.0 = Release|x64
		{A582149B-CD9E-42B1-AC33-A34B961E1E20}.Release|Win32.ActiveCfg = Release|Win32
		{A582149B-CD9E-42B1-AC33-A34B961E1E20}.Release|Win32.Build.0 = Release|Win32
		{A582149B-CD9E-42B1-AC33-A34B961E1E20}.Release|x64.ActiveCfg = Release|x64
		{A582149B-CD9E-42B1-AC33-A34B961E1E20}.Release|x64.Build.0 = Release|x64
		{A582149B-CD9E-42B1-AC33-A34B961E1E20}.Template|all.ActiveCfg = Release|x64
		{A582149B-CD9E-42B1-AC33-A34B961E1E20}.Template|all.Build.0 = Release|x64
		{A582149B-CD9E-42B1-AC33-A34B961E1E20}.Template|Win32.ActiveCfg = Release|Win32
		{A582149B-CD9E-42B1-AC33-A34B961E1E20}.Template|x64.ActiveCfg = Release|x64
		{A582149B-CD9E-42B1-AC33-A34B961E1E20}.Template|x64.Build.0 = Release|x64
		{3AED92FA-3DAF-4639-9EA5-B6EF07C1494E}.Debug|all.ActiveCfg = Debug|Win32
		{3AED92FA-3DAF-4639-9EA5-B6EF07C1494E}.Debug|Win32.ActiveCfg = Debug|Win32
		{3AED92FA-3DAF-4639-9EA5-B6EF07C1494E}.Debug|Win32.Build.0 = Debug|Win32
		{3AED92FA-3DAF-4639-9EA5-B6EF07C1494E}.Debug|x64.ActiveCfg = Debug|x64
		{3AED92FA-3DAF-4639-9EA5-B6EF07C1494E}.Debug|x64.Build.0 = Debug|x64
		{3AED92FA-3DAF-4639-9EA5-B6EF07C1494E}.Release|all.ActiveCfg = Release|Win32
		{3AED92FA-3DAF-4639-9EA5-B6EF07C1494E}.Release|all.Build.0 = Release|Win32
		{3AED92FA-3DAF-4639-9EA5-B6EF07C1494E}.Release|Win32.ActiveCfg = Release|Win32
		{3AED92FA-3DAF-4639-9EA5-B6EF07C1494E}.Release|Win32.Build.0 = Release|Win32
		{3AED92FA-3DAF-4639-9EA5-B6EF07C1494E}.Release|x64.ActiveCfg = Release|x64
		{3AED92FA-3DAF-4639-9EA5-B6EF07C1494E}.Release|x64.Build.0 = Release|x64
		{3AED92FA-3DAF-4639-9EA5-B6EF07C1494E}.Template|all.ActiveCfg = Template|Win32
		{3AED92FA-3DAF-4639-9EA5-B6EF07C1494E}.Template|Win32.ActiveCfg = Template|Win32
		{3AED92FA-3DAF-4639-9EA5-B6EF07C1494E}.Template|x64.ActiveCfg = Template|x64
		{3AED92FA-3DAF-4639-9EA5-B6EF07C1494E}.Template|x64.Build.0 = Template|x64
		{0BE611E0-DA1D-4D7A-AD2C-D74B85CDDEC2}.Debug|all.ActiveCfg = Debug|Win32
		{0BE611E0-DA1D-4D7A-AD2C-D74B85CDDEC2}.Debug|Win32.ActiveCfg = Debug|Win32
		{0BE611E0-DA1D-4D7A-AD2C-D74B85CDDEC2}.Debug|Win32.Build.0 = Debug|Win32
		{0BE611E0-DA1D-4D7A-AD2C-D74B85CDDEC2}.Debug|x64.ActiveCfg = Debug|x64
		{0BE611E0-DA1D-4D7A-AD2C-D74B85CDDEC2}.Debug|x64.Build.0 = Debug|x64
		{0BE611E0-DA1D-4D7A-AD2C-D74B85CDDEC2}.Release|all.ActiveCfg = Release|x64
		{0BE611E0-DA1D-4D7A-AD2C-D74B85CDDEC2}.Release|all.Build.0 = Release|x64
		{0BE611E0-DA1D-4D7A-AD2C-D74B85CDDEC2}.Release|Win32.ActiveCfg = Release|Win32
		{0BE611E0-DA1D-4D7A-AD2C-D74B85CDDEC2}.Release|Win32.Build.0 = Release|Win32
		{0BE611E0-DA1D-4D7A-AD2C-D74B85CDDEC2}.Release|x64.ActiveCfg = Release|x64
		{0BE611E0-DA1D-4D7A-AD2C-D74B85CDDEC2}.Release|x64.Build.0 = Release|x64
		{0BE611E0-DA1D-4D7A-AD2C-D74B85CDDEC2}.Template|all.ActiveCfg = Release|x64
		{0BE611E0-DA1D-4D7A-AD2C-D74B85CDDEC2}.Template|all.Build.0 = Release|x64
		{0BE611E0-DA1D-4D7A-AD2C-D74B85CDDEC2}.Template|Win32.ActiveCfg = Release|Win32
		{0BE611E0-DA1D-4D7A-AD2C-D74B85CDDEC2}.Template|x64.ActiveCfg = Release|x64
		{0BE611E0-DA1D-4D7A-AD2C-D74B85CDDEC2}.Template|x64.Build.0 = Release|x64
		{0D26CD08-68A5-40AE-B25F-D4C6AC23C9F0}.Debug|all.ActiveCfg = Debug|Win32
		{0D26CD08-68A5-40AE-B25F-D4C6AC23C9F0}.Debug|Win32.ActiveCfg = Debug|Win32
		{0D26CD08-68A5-40AE-B25F-D4C6AC23C9F0}.Debug|Win32.Build.0 = Debug|Win32
		{0D26CD08-68A5-40AE-B25F-D4C6AC23C9F0}.Debug|x64.ActiveCfg = Debug|x64
		{0D26CD08-68A5-40AE-B25F-D4C6AC23C9F0}.Debug|x64.Build.0 = Debug|x64
		{0D26CD08-68A5-40AE-B25F-D4C6AC23C9F0}.Release|all.ActiveCfg = Release|Win32
		{0D26CD08-68A5-40AE-B25F-D4C6AC23C9F0}.Release|all.Build.0 = Release|Win32
		{0D26CD08-68A5-40AE-B25F-D4C6AC23C9F0}.Release|Win32.ActiveCfg = Release|Win32
		{0D26CD08-68A5-40AE-B25F-D4C6AC23C9F0}.Release|Win32.Build.0 = Release|Win32
		{0D26CD08-68A5-40AE-B25F-D4C6AC23C9F0}.Release|x64.ActiveCfg = Release|x64
		{0D26CD08-68A5-40AE-B25F-D4C6AC23C9F0}.Template|all.ActiveCfg = Template|Win32
		{0D26CD08-68A5-40AE-B25F-D4C6AC23C9F0}.Template|Win32.ActiveCfg = Template|Win32
		{0D26CD08-68A5-40AE-B25F-D4C6AC23C9F0}.Template|x64.ActiveCfg = Template|x64
		{0D26CD08-68A5-40AE-B25F-D4C6AC23C9F0}.Template|x64.Build.0 = Template|x64
		{418C2ADE-AD1A-4D5D-8EDC-FAB692C38543}.Debug|all.ActiveCfg = Debug|Win32
		{418C2ADE-AD1A-4D5D-8EDC-FAB692C38543}.Debug|Win32.ActiveCfg = Debug|Win32
		{418C2ADE-AD1A-4D5D-8EDC-FAB692C38543}.Debug|Win32.Build.0 = Debug|Win32
		{418C2ADE-AD1A-4D5D-8EDC-FAB692C38543}.Debug|x64.ActiveCfg = Debug|x64
		{418C2ADE-AD1A-4D5D-8EDC-FAB692C38543}.Debug|x64.Build.0 = Debug|x64
		{418C2ADE-AD1A-4D5D-8EDC-FAB692C38543}.Release|all.ActiveCfg = Release|Win32
		{418C2ADE-AD1A-4D5D-8EDC-FAB692C38543}.Release|all.Build.0 = Release|Win32
		{418C2ADE-AD1A-4D5D-8EDC-FAB692C38543}.Release|Win32.ActiveCfg = Release|Win32
		{418C2ADE-AD1A-4D5D-8EDC-FAB692C38543}.Release|Win32.Build.0 = Release|Win32
		{418C2ADE-AD1A-4D5D-8EDC-FAB692C38543}.Release|x64.ActiveCfg = Release|x64
		{418C2ADE-AD1A-4D5D-8EDC-FAB692C38543}.Release|x64.Build.0 = Release|x64
		{418C2ADE-AD1A-4D5D-8EDC-FAB692C38543}.Template|all.ActiveCfg = Release|x64
		{418C2ADE-AD1A-4D5D-8EDC-FAB692C38543}.Template|all.Build.0 = Release|x64
		{418C2ADE-AD1A-4D5D-8EDC-FAB692C38543}.Template|Win32.ActiveCfg = Release|Win32
		{418C2ADE-AD1A-4D5D-8EDC-FAB692C38543}.Template|x64.ActiveCfg = Release|x64
		{418C2ADE-AD1A-4D5D-8EDC-FAB692C38543}.Template|x64.Build.0 = Release|x64
		{E5995FB7-864B-409A-BFAA-3967A90F4259}.Debug|all.ActiveCfg = Debug|Win32
		{E5995FB7-864B-409A-BFAA-3967A90F4259}.Debug|Win32.ActiveCfg = Debug|Win32
		{E5995FB7-864B-409A-BFAA-3967A90F4259}.Debug|Win32.Build.0 = Debug|Win32
		{E5995FB7-864B-409A-BFAA-3967A90F4259}.Debug|x64.ActiveCfg = Debug|x64
		{E5995FB7-864B-409A-BFAA-3967A90F4259}.Debug|x64.Build.0 = Debug|x64
		{E5995FB7-864B-409A-BFAA-3967A90F4259}.Release|all.ActiveCfg = Release|x64
		{E5995FB7-864B-409A-BFAA-3967A90F4259}.Release|all.Build.0 = Release|x64
		{E5995FB7-864B-409A-BFAA-3967A90F4259}.Release|Win32.ActiveCfg = Release|Win32
		{E5995FB7-864B-409A-BFAA-3967A90F4259}.Release|Win32.Build.0 = Release|Win32
		{E5995FB7-864B-409A-BFAA-3967A90F4259}.Release|x64.ActiveCfg = Release|x64
		{E5995FB7-864B-409A-BFAA-3967A90F4259}.Release|x64.Build.0 = Release|x64
		{E5995FB7-864B-409A-BFAA-3967A90F4259}.Template|all.ActiveCfg = Release|x64
		{E5995FB7-864B-409A-BFAA-3967A90F4259}.Template|all.Build.0 = Release|x64
		{E5995FB7-864B-409A-BFAA-3967A90F4259}.Template|Win32.ActiveCfg = Release|Win32
		{E5995FB7-864B-409A-BFAA-3967A90F4259}.Template|x64.ActiveCfg = Release|x64
		{E5995FB7-864B-409A-BFAA-3967A90F4259}.Template|x64.Build.0 = Release|x64
		{3AED92FA-3DAF-4639-9EA5-B6EF07C1494F}.Debug|all.ActiveCfg = Debug|Win32
		{3AED92FA-3DAF-4639-9EA5-B6EF07C1494F}.Debug|Win32.ActiveCfg = Debug|Win32
		{3AED92FA-3DAF-4639-9EA5-B6EF07C1494F}.Debug|Win32.Build.0 = Debug|Win32
		{3AED92FA-3DAF-4639-9EA5-B6EF07C1494F}.Debug|x64.ActiveCfg = Debug|x64
		{3AED92FA-3DAF-4639-9EA5-B6EF07C1494F}.Debug|x64.Build.0 = Debug|x64
		{3AED92FA-3DAF-4639-9EA5-B6EF07C1494F}.Release|all.ActiveCfg = Release|Win32
		{3AED92FA-3DAF-4639-9EA5-B6EF07C1494F}.Release|all.Build.0 = Release|Win32
		{3AED92FA-3DAF-4639-9EA5-B6EF07C1494F}.Release|Win32.ActiveCfg = Release|Win32
		{3AED92FA-3DAF-4639-9EA5-B6EF07C1494F}.Release|Win32.Build.0 = Release|Win32
		{3AED92FA-3DAF-4639-9EA5-B6EF07C1494F}.Release|x64.ActiveCfg = Release|x64
		{3AED92FA-3DAF-4639-9EA5-B6EF07C1494F}.Release|x64.Build.0 = Release|x64
		{3AED92FA-3DAF-4639-9EA5-B6EF07C1494F}.Template|all.ActiveCfg = Template|Win32
		{3AED92FA-3DAF-4639-9EA5-B6EF07C1494F}.Template|Win32.ActiveCfg = Template|Win32
		{3AED92FA-3DAF-4639-9EA5-B6EF07C1494F}.Template|x64.ActiveCfg = Template|x64
		{3AED92FA-3DAF-4639-9EA5-B6EF07C1494F}.Template|x64.Build.0 = Template|x64
		{0BE611E0-DA1D-4D7A-AD2C-D74B85CDDEC3}.Debug|all.ActiveCfg = Debug|Win32
		{0BE611E0-DA1D-4D7A-AD2C-D74B85CDDEC3}.Debug|Win32.ActiveCfg = Debug|Win32
		{0BE611E0-DA1D-4D7A-AD2C-D74B85CDDEC3}.Debug|Win32.Build.0 = Debug|Win32
		{0BE611E0-DA1D-4D7A-AD2C-D74B85CDDEC3}.Debug|x64.ActiveCfg = Debug|x64
		{0BE611E0-DA1D-4D7A-AD2C-D74B85CDDEC3}.Debug|x64.Build.0 = Debug|x64
		{0BE611E0-DA1D-4D7A-AD2C-D74B85CDDEC3}.Release|all.ActiveCfg = Release|x64
		{0BE611E0-DA1D-4D7A-AD2C-D74B85CDDEC3}.Release|all.Build.0 = Release|x64
		{0BE611E0-DA1D-4D7A-AD2C-D74B85CDDEC3}.Release|Win32.ActiveCfg = Release|Win32
		{0BE611E0-DA1D-4D7A-AD2C-D74B85CDDEC3}.Release|Win32.Build.0 = Release|Win32
		{0BE611E0-DA1D-4D7A-AD2C-D74B85CDDEC3}.Release|x64.ActiveCfg = Release|x64
		{0BE611E0-DA1D-4D7A-AD2C-D74B85CDDEC3}.Release|x64.Build.0 = Release|x64
		{0BE611E0-DA1D-4D7A-AD2C-D74B85CDDEC3}.Template|all.ActiveCfg = Release|x64
		{0BE611E0-DA1D-4D7A-AD2C-D74B85CDDEC3}.Template|all.Build.0 = Release|x64
		{0BE611E0-DA1D-4D7A-AD2C-D74B85CDDEC3}.Template|Win32.ActiveCfg = Release|Win32
		{0BE611E0-DA1D-4D7A-AD2C-D74B85CDDEC3}.Template|x64.ActiveCfg = Release|x64
		{0BE611E0-DA1D-4D7A-AD2C-D74B85CDDEC3}.Template|x64.Build.0 = Release|x64
		{418C2ADE-AD1A-4D5D-8EDC-FAB692C38544}.Debug|all.ActiveCfg = Debug|Win32
		{418C2ADE-AD1A-4D5D-8EDC-FAB692C38544}.Debug|Win32.ActiveCfg = Debug|Win32
		{418C2ADE-AD1A-4D5D-8EDC-FAB692C38544}.Debug|Win32.Build.0 = Debug|Win32
		{418C2ADE-AD1A-4D5D-8EDC-FAB692C38544}.Debug|x64.ActiveCfg = Debug|x64
		{418C2ADE-AD1A-4D5D-8EDC-FAB692C38544}.Debug|x64.Build.0 = Debug|x64
		{418C2ADE-AD1A-4D5D-8EDC-FAB692C38544}.Release|all.ActiveCfg = Release|Win32
		{418C2ADE-AD1A-4D5D-8EDC-FAB692C38544}.Release|all.Build.0 = Release|Win32
		{418C2ADE-AD1A-4D5D-8EDC-FAB692C38544}.Release|Win32.ActiveCfg = Release|Win32
		{418C2ADE-AD1A-4D5D-8EDC-FAB692C38544}.Release|Win32.Build.0 = Release|Win32
		{418C2ADE-AD1A-4D5D-8EDC-FAB692C38544}.Release|x64.ActiveCfg = Release|x64
		{418C2ADE-AD1A-4D5D-8EDC-FAB692C38544}.Release|x64.Build.0 = Release|x64
		{418C2ADE-AD1A-4D5D-8EDC-FAB692C38544}.Template|all.ActiveCfg = Release|x64
		{418C2ADE-AD1A-4D5D-8EDC-FAB692C38544}.Template|all.Build.0 = Release|x64
		{418C2ADE-AD1A-4D5D-8EDC-FAB692C38544}.Template|Win32.ActiveCfg = Release|Win32
		{418C2ADE-AD1A-4D5D-8EDC-FAB692C38544}.Template|x64.ActiveCfg = Release|x64
		{418C2ADE-AD1A-4D5D-8EDC-FAB692C38544}.Template|x64.Build.0 = Release|x64
		{E5995FB7-864B-409A-BFAA-3967A90F4359}.Debug|all.ActiveCfg = Debug|Win32
		{E5995FB7-864B-409A-BFAA-3967A90F4359}.Debug|Win32.ActiveCfg = Debug|Win32
		{E5995FB7-864B-409A-BFAA-3967A90F4359}.Debug|Win32.Build.0 = Debug|Win32
		{E5995FB7-864B-409A-BFAA-3967A90F4359}.Debug|x64.ActiveCfg = Debug|x64
		{E5995FB7-864B-409A-BFAA-3967A90F4359}.Debug|x64.Build.0 = Debug|x64
		{E5995FB7-864B-409A-BFAA-3967A90F4359}.Release|all.ActiveCfg = Release|x64
		{E5995FB7-864B-409A-BFAA-3967A90F4359}.Release|all.Build.0 = Release|x64
		{E5995FB7-864B-409A-BFAA-3967A90F4359}.Release|Win32.ActiveCfg = Release|Win32
		{E5995FB7-864B-409A-BFAA-3967A90F4359}.Release|Win32.Build.0 = Release|Win32
		{E5995FB7-864B-409A-BFAA-3967A90F4359}.Release|x64.ActiveCfg = Release|x64
		{E5995FB7-864B-409A-BFAA-3967A90F4359}.Release|x64.Build.0 = Release|x64
		{E5995FB7-864B-409A-BFAA-3967A90F4359}.Template|all.ActiveCfg = Release|x64
		{E5995FB7-864B-409A-BFAA-3967A90F4359}.Template|all.Build.0 = Release|x64
		{E5995FB7-864B-409A-BFAA-3967A90F4359}.Template|Win32.ActiveCfg = Release|Win32
		{E5995FB7-864B-409A-BFAA-3967A90F4359}.Template|Win32.Build.0 = Release|Win32
		{E5995FB7-864B-409A-BFAA-3967A90F4359}.Template|x64.ActiveCfg = Release|x64
		{E5995FB7-864B-409A-BFAA-3967A90F4359}.Template|x64.Build.0 = Release|x64
		{35F98441-4CD8-4D72-AF05-4614CA90747E}.Debug|all.ActiveCfg = Debug|Win32
		{35F98441-4CD8-4D72-AF05-4614CA90747E}.Debug|Win32.ActiveCfg = Debug|Win32
		{35F98441-4CD8-4D72-AF05-4614CA90747E}.Debug|Win32.Build.0 = Debug|Win32
		{35F98441-4CD8-4D72-AF05-4614CA90747E}.Debug|x64.ActiveCfg = Debug|x64
		{35F98441-4CD8-4D72-AF05-4614CA90747E}.Debug|x64.Build.0 = Debug|x64
		{35F98441-4CD8-4D72-AF05-4614CA90747E}.Release|all.ActiveCfg = Release|Win32
		{35F98441-4CD8-4D72-AF05-4614CA90747E}.Release|all.Build.0 = Release|Win32
		{35F98441-4CD8-4D72-AF05-4614CA90747E}.Release|Win32.ActiveCfg = Release|Win32
		{35F98441-4CD8-4D72-AF05-4614CA90747E}.Release|Win32.Build.0 = Release|Win32
		{35F98441-4CD8-4D72-AF05-4614CA90747E}.Release|x64.ActiveCfg = Release|x64
		{35F98441-4CD8-4D72-AF05-4614CA90747E}.Release|x64.Build.0 = Release|x64
		{35F98441-4CD8-4D72-AF05-4614CA90747E}.Template|all.ActiveCfg = Release|x64
		{35F98441-4CD8-4D72-AF05-4614CA90747E}.Template|all.Build.0 = Release|x64
		{35F98441-4CD8-4D72-AF05-4614CA90747E}.Template|Win32.ActiveCfg = Debug|Win32
		{35F98441-4CD8-4D72-AF05-4614CA90747E}.Template|x64.ActiveCfg = Release|x64
		{35F98441-4CD8-4D72-AF05-4614CA90747E}.Template|x64.Build.0 = Release|x64
		{ADB4400F-0B26-428B-8959-911A443B810C}.Debug|all.ActiveCfg = Debug|Win32
		{ADB4400F-0B26-428B-8959-911A443B810C}.Debug|Win32.ActiveCfg = Debug|Win32
		{ADB4400F-0B26-428B-8959-911A443B810C}.Debug|Win32.Build.0 = Debug|Win32
		{ADB4400F-0B26-428B-8959-911A443B810C}.Debug|x64.ActiveCfg = Debug|x64
		{ADB4400F-0B26-428B-8959-911A443B810C}.Debug|x64.Build.0 = Debug|x64
		{ADB4400F-0B26-428B-8959-911A443B810C}.Release|all.ActiveCfg = Release|x64
		{ADB4400F-0B26-428B-8959-911A443B810C}.Release|all.Build.0 = Release|x64
		{ADB4400F-0B26-428B-8959-911A443B810C}.Release|Win32.ActiveCfg = Release|Win32
		{ADB4400F-0B26-428B-8959-911A443B810C}.Release|Win32.Build.0 = Release|Win32
		{ADB4400F-0B26-428B-8959-911A443B810C}.Release|x64.ActiveCfg = Release|x64
		{ADB4400F-0B26-428B-8959-911A443B810C}.Release|x64.Build.0 = Release|x64
		{ADB4400F-0B26-428B-8959-911A443B810C}.Template|all.ActiveCfg = Release|x64
		{ADB4400F-0B26-428B-8959-911A443B810C}.Template|all.Build.0 = Release|x64
		{ADB4400F-0B26-428B-8959-911A443B810C}.Template|Win32.ActiveCfg = Debug|Win32
		{ADB4400F-0B26-428B-8959-911A443B810C}.Template|x64.ActiveCfg = Release|x64
		{ADB4400F-0B26-428B-8959-911A443B810C}.Template|x64.Build.0 = Release|x64
		{3AED92FA-3DAF-4639-9EA5-B6EF07C1496F}.Debug|all.ActiveCfg = Debug|Win32
		{3AED92FA-3DAF-4639-9EA5-B6EF07C1496F}.Debug|Win32.ActiveCfg = Debug|Win32
		{3AED92FA-3DAF-4639-9EA5-B6EF07C1496F}.Debug|Win32.Build.0 = Debug|Win32
		{3AED92FA-3DAF-4639-9EA5-B6EF07C1496F}.Debug|x64.ActiveCfg = Debug|x64
		{3AED92FA-3DAF-4639-9EA5-B6EF07C1496F}.Debug|x64.Build.0 = Debug|x64
		{3AED92FA-3DAF-4639-9EA5-B6EF07C1496F}.Release|all.ActiveCfg = Release|Win32
		{3AED92FA-3DAF-4639-9EA5-B6EF07C1496F}.Release|all.Build.0 = Release|Win32
		{3AED92FA-3DAF-4639-9EA5-B6EF07C1496F}.Release|Win32.ActiveCfg = Release|Win32
		{3AED92FA-3DAF-4639-9EA5-B6EF07C1496F}.Release|Win32.Build.0 = Release|Win32
		{3AED92FA-3DAF-4639-9EA5-B6EF07C1496F}.Release|x64.ActiveCfg = Release|x64
		{3AED92FA-3DAF-4639-9EA5-B6EF07C1496F}.Release|x64.Build.0 = Release|x64
		{3AED92FA-3DAF-4639-9EA5-B6EF07C1496F}.Template|all.ActiveCfg = Template|Win32
		{3AED92FA-3DAF-4639-9EA5-B6EF07C1496F}.Template|Win32.ActiveCfg = Template|Win32
		{3AED92FA-3DAF-4639-9EA5-B6EF07C1496F}.Template|x64.ActiveCfg = Template|x64
		{3AED92FA-3DAF-4639-9EA5-B6EF07C1496F}.Template|x64.Build.0 = Template|x64
		{0BE611E0-DA1D-4D7A-AD2C-D74B85CDDEC4}.Debug|all.ActiveCfg = Debug|Win32
		{0BE611E0-DA1D-4D7A-AD2C-D74B85CDDEC4}.Debug|Win32.ActiveCfg = Debug|Win32
		{0BE611E0-DA1D-4D7A-AD2C-D74B85CDDEC4}.Debug|Win32.Build.0 = Debug|Win32
		{0BE611E0-DA1D-4D7A-AD2C-D74B85CDDEC4}.Debug|x64.ActiveCfg = Debug|x64
		{0BE611E0-DA1D-4D7A-AD2C-D74B85CDDEC4}.Debug|x64.Build.0 = Debug|x64
		{0BE611E0-DA1D-4D7A-AD2C-D74B85CDDEC4}.Release|all.ActiveCfg = Release|x64
		{0BE611E0-DA1D-4D7A-AD2C-D74B85CDDEC4}.Release|all.Build.0 = Release|x64
		{0BE611E0-DA1D-4D7A-AD2C-D74B85CDDEC4}.Release|Win32.ActiveCfg = Release|Win32
		{0BE611E0-DA1D-4D7A-AD2C-D74B85CDDEC4}.Release|Win32.Build.0 = Release|Win32
		{0BE611E0-DA1D-4D7A-AD2C-D74B85CDDEC4}.Release|x64.ActiveCfg = Release|x64
		{0BE611E0-DA1D-4D7A-AD2C-D74B85CDDEC4}.Release|x64.Build.0 = Release|x64
		{0BE611E0-DA1D-4D7A-AD2C-D74B85CDDEC4}.Template|all.ActiveCfg = Release|x64
		{0BE611E0-DA1D-4D7A-AD2C-D74B85CDDEC4}.Template|all.Build.0 = Release|x64
		{0BE611E0-DA1D-4D7A-AD2C-D74B85CDDEC4}.Template|Win32.ActiveCfg = Release|Win32
		{0BE611E0-DA1D-4D7A-AD2C-D74B85CDDEC4}.Template|x64.ActiveCfg = Release|x64
		{0BE611E0-DA1D-4D7A-AD2C-D74B85CDDEC4}.Template|x64.Build.0 = Release|x64
		{AB380E77-848C-4D05-A784-3754B44DC4FE}.Debug|all.ActiveCfg = Debug|Win32
		{AB380E77-848C-4D05-A784-3754B44DC4FE}.Debug|Win32.ActiveCfg = Debug|Win32
		{AB380E77-848C-4D05-A784-3754B44DC4FE}.Debug|Win32.Build.0 = Debug|Win32
		{AB380E77-848C-4D05-A784-3754B44DC4FE}.Debug|x64.ActiveCfg = Debug|x64
		{AB380E77-848C-4D05-A784-3754B44DC4FE}.Debug|x64.Build.0 = Debug|x64
		{AB380E77-848C-4D05-A784-3754B44DC4FE}.Release|all.ActiveCfg = Release|Win32
		{AB380E77-848C-4D05-A784-3754B44DC4FE}.Release|all.Build.0 = Release|Win32
		{AB380E77-848C-4D05-A784-3754B44DC4FE}.Release|Win32.ActiveCfg = Release|Win32
		{AB380E77-848C-4D05-A784-3754B44DC4FE}.Release|Win32.Build.0 = Release|Win32
		{AB380E77-848C-4D05-A784-3754B44DC4FE}.Release|x64.ActiveCfg = Release|x64
		{AB380E77-848C-4D05-A784-3754B44DC4FE}.Release|x64.Build.0 = Release|x64
		{AB380E77-848C-4D05-A784-3754B44DC4FE}.Template|all.ActiveCfg = Template|Win32
		{AB380E77-848C-4D05-A784-3754B44DC4FE}.Template|Win32.ActiveCfg = Template|Win32
		{AB380E77-848C-4D05-A784-3754B44DC4FE}.Template|x64.ActiveCfg = Template|x64
		{AB380E77-848C-4D05-A784-3754B44DC4FE}.Template|x64.Build.0 = Template|x64
		{3C245A5F-434D-4348-8037-292D6462FFDF}.Debug|all.ActiveCfg = Debug|Win32
		{3C245A5F-434D-4348-8037-292D6462FFDF}.Debug|Win32.ActiveCfg = Debug|Win32
		{3C245A5F-434D-4348-8037-292D6462FFDF}.Debug|Win32.Build.0 = Debug|Win32
		{3C245A5F-434D-4348-8037-292D6462FFDF}.Debug|x64.ActiveCfg = Debug|x64
		{3C245A5F-434D-4348-8037-292D6462FFDF}.Debug|x64.Build.0 = Debug|x64
		{3C245A5F-434D-4348-8037-292D6462FFDF}.Release|all.ActiveCfg = Release|x64
		{3C245A5F-434D-4348-8037-292D6462FFDF}.Release|all.Build.0 = Release|x64
		{3C245A5F-434D-4348-8037-292D6462FFDF}.Release|Win32.ActiveCfg = Release|Win32
		{3C245A5F-434D-4348-8037-292D6462FFDF}.Release|Win32.Build.0 = Release|Win32
		{3C245A5F-434D-4348-8037-292D6462FFDF}.Release|x64.ActiveCfg = Release|x64
		{3C245A5F-434D-4348-8037-292D6462FFDF}.Release|x64.Build.0 = Release|x64
		{3C245A5F-434D-4348-8037-292D6462FFDF}.Template|all.ActiveCfg = Release|Win32
		{3C245A5F-434D-4348-8037-292D6462FFDF}.Template|all.Build.0 = Release|Win32
		{3C245A5F-434D-4348-8037-292D6462FFDF}.Template|Win32.ActiveCfg = Release|Win32
		{3C245A5F-434D-4348-8037-292D6462FFDF}.Template|x64.ActiveCfg = Debug|x64
		{3C245A5F-434D-4348-8037-292D6462FFDF}.Template|x64.Build.0 = Debug|x64
		{AB380E77-848C-4D05-A784-3754B44DC4FF}.Debug|all.ActiveCfg = Debug|Win32
		{AB380E77-848C-4D05-A784-3754B44DC4FF}.Debug|Win32.ActiveCfg = Debug|Win32
		{AB380E77-848C-4D05-A784-3754B44DC4FF}.Debug|Win32.Build.0 = Debug|Win32
		{AB380E77-848C-4D05-A784-3754B44DC4FF}.Debug|x64.ActiveCfg = Debug|x64
		{AB380E77-848C-4D05-A784-3754B44DC4FF}.Debug|x64.Build.0 = Debug|x64
		{AB380E77-848C-4D05-A784-3754B44DC4FF}.Release|all.ActiveCfg = Release|Win32
		{AB380E77-848C-4D05-A784-3754B44DC4FF}.Release|all.Build.0 = Release|Win32
		{AB380E77-848C-4D05-A784-3754B44DC4FF}.Release|Win32.ActiveCfg = Release|Win32
		{AB380E77-848C-4D05-A784-3754B44DC4FF}.Release|Win32.Build.0 = Release|Win32
		{AB380E77-848C-4D05-A784-3754B44DC4FF}.Release|x64.ActiveCfg = Release|x64
		{AB380E77-848C-4D05-A784-3754B44DC4FF}.Release|x64.Build.0 = Release|x64
		{AB380E77-848C-4D05-A784-3754B44DC4FF}.Template|all.ActiveCfg = Template|Win32
		{AB380E77-848C-4D05-A784-3754B44DC4FF}.Template|Win32.ActiveCfg = Template|Win32
		{AB380E77-848C-4D05-A784-3754B44DC4FF}.Template|x64.ActiveCfg = Template|x64
		{AB380E77-848C-4D05-A784-3754B44DC4FF}.Template|x64.Build.0 = Template|x64
		{3C245A5F-434D-4348-8037-292D6462FFEF}.Debug|all.ActiveCfg = Debug|Win32
		{3C245A5F-434D-4348-8037-292D6462FFEF}.Debug|Win32.ActiveCfg = Debug|Win32
		{3C245A5F-434D-4348-8037-292D6462FFEF}.Debug|Win32.Build.0 = Debug|Win32
		{3C245A5F-434D-4348-8037-292D6462FFEF}.Debug|x64.ActiveCfg = Debug|x64
		{3C245A5F-434D-4348-8037-292D6462FFEF}.Debug|x64.Build.0 = Debug|x64
		{3C245A5F-434D-4348-8037-292D6462FFEF}.Release|all.ActiveCfg = Release|x64
		{3C245A5F-434D-4348-8037-292D6462FFEF}.Release|all.Build.0 = Release|x64
		{3C245A5F-434D-4348-8037-292D6462FFEF}.Release|Win32.ActiveCfg = Release|Win32
		{3C245A5F-434D-4348-8037-292D6462FFEF}.Release|Win32.Build.0 = Release|Win32
		{3C245A5F-434D-4348-8037-292D6462FFEF}.Release|x64.ActiveCfg = Release|x64
		{3C245A5F-434D-4348-8037-292D6462FFEF}.Release|x64.Build.0 = Release|x64
		{3C245A5F-434D-4348-8037-292D6462FFEF}.Template|all.ActiveCfg = Release|x64
		{3C245A5F-434D-4348-8037-292D6462FFEF}.Template|all.Build.0 = Release|x64
		{3C245A5F-434D-4348-8037-292D6462FFEF}.Template|Win32.ActiveCfg = Release|Win32
		{3C245A5F-434D-4348-8037-292D6462FFEF}.Template|x64.ActiveCfg = Release|x64
		{3C245A5F-434D-4348-8037-292D6462FFEF}.Template|x64.Build.0 = Release|x64
		{29B97A15-8724-45A0-9243-FFD21183BADF}.Debug|all.ActiveCfg = Debug|Win32
		{29B97A15-8724-45A0-9243-FFD21183BADF}.Debug|Win32.ActiveCfg = Debug|Win32
		{29B97A15-8724-45A0-9243-FFD21183BADF}.Debug|Win32.Build.0 = Debug|Win32
		{29B97A15-8724-45A0-9243-FFD21183BADF}.Debug|x64.ActiveCfg = Debug|x64
		{29B97A15-8724-45A0-9243-FFD21183BADF}.Debug|x64.Build.0 = Debug|x64
		{29B97A15-8724-45A0-9243-FFD21183BADF}.Release|all.ActiveCfg = Release|Win32
		{29B97A15-8724-45A0-9243-FFD21183BADF}.Release|all.Build.0 = Release|Win32
		{29B97A15-8724-45A0-9243-FFD21183BADF}.Release|Win32.ActiveCfg = Release|Win32
		{29B97A15-8724-45A0-9243-FFD21183BADF}.Release|Win32.Build.0 = Release|Win32
		{29B97A15-8724-45A0-9243-FFD21183BADF}.Release|x64.ActiveCfg = Release|x64
		{29B97A15-8724-45A0-9243-FFD21183BADF}.Release|x64.Build.0 = Release|x64
		{29B97A15-8724-45A0-9243-FFD21183BADF}.Template|all.ActiveCfg = Template|Win32
		{29B97A15-8724-45A0-9243-FFD21183BADF}.Template|Win32.ActiveCfg = Template|Win32
		{29B97A15-8724-45A0-9243-FFD21183BADF}.Template|x64.ActiveCfg = Template|x64
		{29B97A15-8724-45A0-9243-FFD21183BADF}.Template|x64.Build.0 = Template|x64
		{EF6B67A6-6ACE-46EB-ADCC-8251CE80CE3F}.Debug|all.ActiveCfg = Debug|Win32
		{EF6B67A6-6ACE-46EB-ADCC-8251CE80CE3F}.Debug|Win32.ActiveCfg = Debug|Win32
		{EF6B67A6-6ACE-46EB-ADCC-8251CE80CE3F}.Debug|Win32.Build.0 = Debug|Win32
		{EF6B67A6-6ACE-46EB-ADCC-8251CE80CE3F}.Debug|x64.ActiveCfg = Debug|x64
		{EF6B67A6-6ACE-46EB-ADCC-8251CE80CE3F}.Debug|x64.Build.0 = Debug|x64
		{EF6B67A6-6ACE-46EB-ADCC-8251CE80CE3F}.Release|all.ActiveCfg = Release|x64
		{EF6B67A6-6ACE-46EB-ADCC-8251CE80CE3F}.Release|all.Build.0 = Release|x64
		{EF6B67A6-6ACE-46EB-ADCC-8251CE80CE3F}.Release|Win32.ActiveCfg = Release|Win32
		{EF6B67A6-6ACE-46EB-ADCC-8251CE80CE3F}.Release|Win32.Build.0 = Release|Win32
		{EF6B67A6-6ACE-46EB-ADCC-8251CE80CE3F}.Release|x64.ActiveCfg = Release|x64
		{EF6B67A6-6ACE-46EB-ADCC-8251CE80CE3F}.Release|x64.Build.0 = Release|x64
		{EF6B67A6-6ACE-46EB-ADCC-8251CE80CE3F}.Template|all.ActiveCfg = Release|Win32
		{EF6B67A6-6ACE-46EB-ADCC-8251CE80CE3F}.Template|all.Build.0 = Release|Win32
		{EF6B67A6-6ACE-46EB-ADCC-8251CE80CE3F}.Template|Win32.ActiveCfg = Release|Win32
		{EF6B67A6-6ACE-46EB-ADCC-8251CE80CE3F}.Template|x64.ActiveCfg = Debug|x64
		{EF6B67A6-6ACE-46EB-ADCC-8251CE80CE3F}.Template|x64.Build.0 = Debug|x64
		{ADB4400F-0B26-428B-8959-911A443B810D}.Debug|all.ActiveCfg = Debug|x64
		{ADB4400F-0B26-428B-8959-911A443B810D}.Debug|Win32.ActiveCfg = Debug|Win32
		{ADB4400F-0B26-428B-8959-911A443B810D}.Debug|Win32.Build.0 = Debug|Win32
		{ADB4400F-0B26-428B-8959-911A443B810D}.Debug|x64.ActiveCfg = Debug|x64
		{ADB4400F-0B26-428B-8959-911A443B810D}.Debug|x64.Build.0 = Debug|x64
		{ADB4400F-0B26-428B-8959-911A443B810D}.Release|all.ActiveCfg = Release|x64
		{ADB4400F-0B26-428B-8959-911A443B810D}.Release|all.Build.0 = Release|x64
		{ADB4400F-0B26-428B-8959-911A443B810D}.Release|Win32.ActiveCfg = Release|Win32
		{ADB4400F-0B26-428B-8959-911A443B810D}.Release|Win32.Build.0 = Release|Win32
		{ADB4400F-0B26-428B-8959-911A443B810D}.Release|x64.ActiveCfg = Release|x64
		{ADB4400F-0B26-428B-8959-911A443B810D}.Release|x64.Build.0 = Release|x64
		{ADB4400F-0B26-428B-8959-911A443B810D}.Template|all.ActiveCfg = Release|x64
		{ADB4400F-0B26-428B-8959-911A443B810D}.Template|all.Build.0 = Release|x64
		{ADB4400F-0B26-428B-8959-911A443B810D}.Template|Win32.ActiveCfg = Release|Win32
		{ADB4400F-0B26-428B-8959-911A443B810D}.Template|x64.ActiveCfg = Release|x64
		{ADB4400F-0B26-428B-8959-911A443B810D}.Template|x64.Build.0 = Release|x64
		{6F4826F3-23B9-4EF7-B4A5-89ED1786EAE4}.Debug|all.ActiveCfg = Debug|Win32
		{6F4826F3-23B9-4EF7-B4A5-89ED1786EAE4}.Debug|Win32.ActiveCfg = Debug|Win32
		{6F4826F3-23B9-4EF7-B4A5-89ED1786EAE4}.Debug|Win32.Build.0 = Debug|Win32
		{6F4826F3-23B9-4EF7-B4A5-89ED1786EAE4}.Debug|x64.ActiveCfg = Debug|x64
		{6F4826F3-23B9-4EF7-B4A5-89ED1786EAE4}.Debug|x64.Build.0 = Debug|x64
		{6F4826F3-23B9-4EF7-B4A5-89ED1786EAE4}.Release|all.ActiveCfg = Release|x64
		{6F4826F3-23B9-4EF7-B4A5-89ED1786EAE4}.Release|all.Build.0 = Release|x64
		{6F4826F3-23B9-4EF7-B4A5-89ED1786EAE4}.Release|Win32.ActiveCfg = Release|Win32
		{6F4826F3-23B9-4EF7-B4A5-89ED1786EAE4}.Release|Win32.Build.0 = Release|Win32
		{6F4826F3-23B9-4EF7-B4A5-89ED1786EAE4}.Release|x64.ActiveCfg = Release|x64
		{6F4826F3-23B9-4EF7-B4A5-89ED1786EAE4}.Release|x64.Build.0 = Release|x64
		{6F4826F3-23B9-4EF7-B4A5-89ED1786EAE4}.Template|all.ActiveCfg = Release|x64
		{6F4826F3-23B9-4EF7-B4A5-89ED1786EAE4}.Template|all.Build.0 = Release|x64
		{6F4826F3-23B9-4EF7-B4A5-89ED1786EAE4}.Template|Win32.ActiveCfg = Debug|Win32
		{6F4826F3-23B9-4EF7-B4A5-89ED1786EAE4}.Template|x64.ActiveCfg = Release|x64
		{6F4826F3-23B9-4EF7-B4A5-89ED1786EAE4}.Template|x64.Build.0 = Release|x64
	EndGlobalSection
	GlobalSection(SolutionProperties) = preSolution
		HideSolutionNode = FALSE
	EndGlobalSection
	GlobalSection(ExtensibilityGlobals) = postSolution
		SolutionGuid = {A6AD59F2-AD94-400F-9794-D5914B8FD9A6}
	EndGlobalSection
EndGlobal
